
Microsoft Visual Studio Solution File, Format Version 12.00
# Visual Studio Version 17
VisualStudioVersion = 17.3.32922.545
MinimumVisualStudioVersion = 10.0.40219.1
Project("{FAE04EC0-301F-11D3-BF4B-00C04F79EFBC}") = "dbguimaker", "dbguimaker\dbguimaker.csproj", "{561904E8-D3A2-4115-993D-67571606AA7C}"
EndProject
Global
	GlobalSection(SolutionConfigurationPlatforms) = preSolution
		Debug|Any CPU = Debug|Any CPU
		Release|Any CPU = Release|Any CPU
	EndGlobalSection
	GlobalSection(ProjectConfigurationPlatforms) = postSolution
		{561904E8-D3A2-4115-993D-67571606AA7C}.Debug|Any CPU.ActiveCfg = Debug|Any CPU
		{561904E8-D3A2-4115-993D-67571606AA7C}.Debug|Any CPU.Build.0 = Debug|Any CPU
		{561904E8-D3A2-4115-993D-67571606AA7C}.Release|Any CPU.ActiveCfg = Release|Any CPU
		{561904E8-D3A2-4115-993D-67571606AA7C}.Release|Any CPU.Build.0 = Release|Any CPU
	EndGlobalSection
	GlobalSection(SolutionProperties) = preSolution
		HideSolutionNode = FALSE
	EndGlobalSection
	GlobalSection(ExtensibilityGlobals) = postSolution
		SolutionGuid = {DF94158D-2383-4907-83FA-99E165748E0E}
	EndGlobalSection
EndGlobal
